
Microsoft Visual Studio Solution File, Format Version 12.00
# Visual Studio Version 17
VisualStudioVersion = 17.9.34728.123
MinimumVisualStudioVersion = 10.0.40219.1
Project("{FAE04EC0-301F-11D3-BF4B-00C04F79EFBC}") = "prjLookday", "prjLookday.csproj", "{01B8CA34-33BF-4AE5-B8C7-09E5B38BE692}"
EndProject
Global
	GlobalSection(SolutionConfigurationPlatforms) = preSolution
		Debug|Any CPU = Debug|Any CPU
		Release|Any CPU = Release|Any CPU
	EndGlobalSection
	GlobalSection(ProjectConfigurationPlatforms) = postSolution
		{01B8CA34-33BF-4AE5-B8C7-09E5B38BE692}.Debug|Any CPU.ActiveCfg = Debug|Any CPU
		{01B8CA34-33BF-4AE5-B8C7-09E5B38BE692}.Debug|Any CPU.Build.0 = Debug|Any CPU
		{01B8CA34-33BF-4AE5-B8C7-09E5B38BE692}.Release|Any CPU.ActiveCfg = Release|Any CPU
		{01B8CA34-33BF-4AE5-B8C7-09E5B38BE692}.Release|Any CPU.Build.0 = Release|Any CPU
	EndGlobalSection
	GlobalSection(SolutionProperties) = preSolution
		HideSolutionNode = FALSE
	EndGlobalSection
	GlobalSection(ExtensibilityGlobals) = postSolution
		SolutionGuid = {C656D504-46BE-464F-9312-FE5A57862158}
	EndGlobalSection
EndGlobal
